
Microsoft Visual Studio Solution File, Format Version 12.00
# Visual Studio Version 16
VisualStudioVersion = 16.0.29209.62
MinimumVisualStudioVersion = 10.0.40219.1
Project("{2150E333-8FDC-42A3-9474-1A3956D46DE8}") = "Layers", "Layers", "{CA504547-56CB-4F77-8094-27BE59C92F22}"
EndProject
Project("{2150E333-8FDC-42A3-9474-1A3956D46DE8}") = "WebApi", "WebApi", "{B321D860-2A92-4DDA-A888-C8CE4D92F83D}"
EndProject
Project("{9A19103F-16F7-4668-BE54-9A1E7A4F7556}") = "everisIT.AUDS.Service.WebApi.Test", "everisIT.AUDS.Service.WebApi.Test\everisIT.AUDS.Service.WebApi.Test.csproj", "{A3D0A4E1-22B4-49D3-BA58-64A7BB8BE0E1}"
EndProject
Project("{2150E333-8FDC-42A3-9474-1A3956D46DE8}") = "Application", "Application", "{83083113-76B1-47DD-BE8F-2AE30E88D489}"
EndProject
Project("{9A19103F-16F7-4668-BE54-9A1E7A4F7556}") = "everisIT.AUDS.Service.Application", "everisIT.AUDS.Service.Application\everisIT.AUDS.Service.Application.csproj", "{EECF16E9-9DF1-4DBB-BC9B-4DA803DE64BC}"
EndProject
Project("{9A19103F-16F7-4668-BE54-9A1E7A4F7556}") = "everisIT.AUDS.Service.Application.Test", "everisIT.AUDS.Service.Application.Test\everisIT.AUDS.Service.Application.Test.csproj", "{617FBA86-567D-4A18-B261-ED1321431374}"
EndProject
Project("{2150E333-8FDC-42A3-9474-1A3956D46DE8}") = "Infrastructure", "Infrastructure", "{5E87F5EA-28F3-4EE2-A326-FAC6E6401A06}"
EndProject
Project("{9A19103F-16F7-4668-BE54-9A1E7A4F7556}") = "everisIT.AUDS.Service.Infrastructure", "everisIT.AUDS.Service.Infrastructure\everisIT.AUDS.Service.Infrastructure.csproj", "{5B1C611C-696B-4119-8D26-3385861606AB}"
EndProject
Project("{9A19103F-16F7-4668-BE54-9A1E7A4F7556}") = "everisIT.AUDS.Service.Infrastructure.Test", "everisIT.AUDS.Service.Infrastructure.Test\everisIT.AUDS.Service.Infrastructure.Test.csproj", "{BDE0F7C1-354E-4A78-83A9-5248F1C6BE1C}"
EndProject
Project("{9A19103F-16F7-4668-BE54-9A1E7A4F7556}") = "everisIT.AUDS.Service.WebApi", "everisIT.AUDS.Service.WebApi\everisIT.AUDS.Service.WebApi.csproj", "{E6FBF56C-DDC2-47CA-9EAD-AD7FC942C145}"
EndProject
Project("{9A19103F-16F7-4668-BE54-9A1E7A4F7556}") = "everisIT.AUDS.Service.WebApi.IntegrationTest", "everisIT.AUDS.Service.WebApi.IntegrationTest\everisIT.AUDS.Service.WebApi.IntegrationTest.csproj", "{D4EA8064-338A-41FE-B1A9-EA77DDC6113E}"
EndProject
Global
	GlobalSection(SolutionConfigurationPlatforms) = preSolution
		Debug|Any CPU = Debug|Any CPU
		Debug|x64 = Debug|x64
		Release|Any CPU = Release|Any CPU
		Release|x64 = Release|x64
	EndGlobalSection
	GlobalSection(ProjectConfigurationPlatforms) = postSolution
		{A3D0A4E1-22B4-49D3-BA58-64A7BB8BE0E1}.Debug|Any CPU.ActiveCfg = Debug|Any CPU
		{A3D0A4E1-22B4-49D3-BA58-64A7BB8BE0E1}.Debug|Any CPU.Build.0 = Debug|Any CPU
		{A3D0A4E1-22B4-49D3-BA58-64A7BB8BE0E1}.Debug|x64.ActiveCfg = Debug|x64
		{A3D0A4E1-22B4-49D3-BA58-64A7BB8BE0E1}.Debug|x64.Build.0 = Debug|x64
		{A3D0A4E1-22B4-49D3-BA58-64A7BB8BE0E1}.Release|Any CPU.ActiveCfg = Release|Any CPU
		{A3D0A4E1-22B4-49D3-BA58-64A7BB8BE0E1}.Release|Any CPU.Build.0 = Release|Any CPU
		{A3D0A4E1-22B4-49D3-BA58-64A7BB8BE0E1}.Release|x64.ActiveCfg = Release|x64
		{A3D0A4E1-22B4-49D3-BA58-64A7BB8BE0E1}.Release|x64.Build.0 = Release|x64
		{EECF16E9-9DF1-4DBB-BC9B-4DA803DE64BC}.Debug|Any CPU.ActiveCfg = Debug|Any CPU
		{EECF16E9-9DF1-4DBB-BC9B-4DA803DE64BC}.Debug|Any CPU.Build.0 = Debug|Any CPU
		{EECF16E9-9DF1-4DBB-BC9B-4DA803DE64BC}.Debug|x64.ActiveCfg = Debug|x64
		{EECF16E9-9DF1-4DBB-BC9B-4DA803DE64BC}.Debug|x64.Build.0 = Debug|x64
		{EECF16E9-9DF1-4DBB-BC9B-4DA803DE64BC}.Release|Any CPU.ActiveCfg = Release|Any CPU
		{EECF16E9-9DF1-4DBB-BC9B-4DA803DE64BC}.Release|Any CPU.Build.0 = Release|Any CPU
		{EECF16E9-9DF1-4DBB-BC9B-4DA803DE64BC}.Release|x64.ActiveCfg = Release|x64
		{EECF16E9-9DF1-4DBB-BC9B-4DA803DE64BC}.Release|x64.Build.0 = Release|x64
		{617FBA86-567D-4A18-B261-ED1321431374}.Debug|Any CPU.ActiveCfg = Debug|Any CPU
		{617FBA86-567D-4A18-B261-ED1321431374}.Debug|Any CPU.Build.0 = Debug|Any CPU
		{617FBA86-567D-4A18-B261-ED1321431374}.Debug|x64.ActiveCfg = Debug|x64
		{617FBA86-567D-4A18-B261-ED1321431374}.Debug|x64.Build.0 = Debug|x64
		{617FBA86-567D-4A18-B261-ED1321431374}.Release|Any CPU.ActiveCfg = Release|Any CPU
		{617FBA86-567D-4A18-B261-ED1321431374}.Release|Any CPU.Build.0 = Release|Any CPU
		{617FBA86-567D-4A18-B261-ED1321431374}.Release|x64.ActiveCfg = Release|x64
		{617FBA86-567D-4A18-B261-ED1321431374}.Release|x64.Build.0 = Release|x64
		{5B1C611C-696B-4119-8D26-3385861606AB}.Debug|Any CPU.ActiveCfg = Debug|Any CPU
		{5B1C611C-696B-4119-8D26-3385861606AB}.Debug|Any CPU.Build.0 = Debug|Any CPU
		{5B1C611C-696B-4119-8D26-3385861606AB}.Debug|x64.ActiveCfg = Debug|x64
		{5B1C611C-696B-4119-8D26-3385861606AB}.Debug|x64.Build.0 = Debug|x64
		{5B1C611C-696B-4119-8D26-3385861606AB}.Release|Any CPU.ActiveCfg = Release|Any CPU
		{5B1C611C-696B-4119-8D26-3385861606AB}.Release|Any CPU.Build.0 = Release|Any CPU
		{5B1C611C-696B-4119-8D26-3385861606AB}.Release|x64.ActiveCfg = Release|x64
		{5B1C611C-696B-4119-8D26-3385861606AB}.Release|x64.Build.0 = Release|x64
		{BDE0F7C1-354E-4A78-83A9-5248F1C6BE1C}.Debug|Any CPU.ActiveCfg = Debug|Any CPU
		{BDE0F7C1-354E-4A78-83A9-5248F1C6BE1C}.Debug|Any CPU.Build.0 = Debug|Any CPU
		{BDE0F7C1-354E-4A78-83A9-5248F1C6BE1C}.Debug|x64.ActiveCfg = Debug|x64
		{BDE0F7C1-354E-4A78-83A9-5248F1C6BE1C}.Debug|x64.Build.0 = Debug|x64
		{BDE0F7C1-354E-4A78-83A9-5248F1C6BE1C}.Release|Any CPU.ActiveCfg = Release|Any CPU
		{BDE0F7C1-354E-4A78-83A9-5248F1C6BE1C}.Release|Any CPU.Build.0 = Release|Any CPU
		{BDE0F7C1-354E-4A78-83A9-5248F1C6BE1C}.Release|x64.ActiveCfg = Release|x64
		{BDE0F7C1-354E-4A78-83A9-5248F1C6BE1C}.Release|x64.Build.0 = Release|x64
		{E6FBF56C-DDC2-47CA-9EAD-AD7FC942C145}.Debug|Any CPU.ActiveCfg = Debug|Any CPU
		{E6FBF56C-DDC2-47CA-9EAD-AD7FC942C145}.Debug|Any CPU.Build.0 = Debug|Any CPU
		{E6FBF56C-DDC2-47CA-9EAD-AD7FC942C145}.Debug|x64.ActiveCfg = Debug|x64
		{E6FBF56C-DDC2-47CA-9EAD-AD7FC942C145}.Debug|x64.Build.0 = Debug|x64
		{E6FBF56C-DDC2-47CA-9EAD-AD7FC942C145}.Release|Any CPU.ActiveCfg = Release|Any CPU
		{E6FBF56C-DDC2-47CA-9EAD-AD7FC942C145}.Release|Any CPU.Build.0 = Release|Any CPU
		{E6FBF56C-DDC2-47CA-9EAD-AD7FC942C145}.Release|x64.ActiveCfg = Release|x64
		{E6FBF56C-DDC2-47CA-9EAD-AD7FC942C145}.Release|x64.Build.0 = Release|x64
		{D4EA8064-338A-41FE-B1A9-EA77DDC6113E}.Debug|Any CPU.ActiveCfg = Debug|Any CPU
		{D4EA8064-338A-41FE-B1A9-EA77DDC6113E}.Debug|Any CPU.Build.0 = Debug|Any CPU
		{D4EA8064-338A-41FE-B1A9-EA77DDC6113E}.Debug|x64.ActiveCfg = Debug|x64
		{D4EA8064-338A-41FE-B1A9-EA77DDC6113E}.Debug|x64.Build.0 = Debug|x64
		{D4EA8064-338A-41FE-B1A9-EA77DDC6113E}.Release|Any CPU.ActiveCfg = Release|Any CPU
		{D4EA8064-338A-41FE-B1A9-EA77DDC6113E}.Release|Any CPU.Build.0 = Release|Any CPU
		{D4EA8064-338A-41FE-B1A9-EA77DDC6113E}.Release|x64.ActiveCfg = Release|x64
		{D4EA8064-338A-41FE-B1A9-EA77DDC6113E}.Release|x64.Build.0 = Release|x64
	EndGlobalSection
	GlobalSection(SolutionProperties) = preSolution
		HideSolutionNode = FALSE
	EndGlobalSection
	GlobalSection(NestedProjects) = preSolution
		{B321D860-2A92-4DDA-A888-C8CE4D92F83D} = {CA504547-56CB-4F77-8094-27BE59C92F22}
		{A3D0A4E1-22B4-49D3-BA58-64A7BB8BE0E1} = {B321D860-2A92-4DDA-A888-C8CE4D92F83D}
		{83083113-76B1-47DD-BE8F-2AE30E88D489} = {CA504547-56CB-4F77-8094-27BE59C92F22}
		{EECF16E9-9DF1-4DBB-BC9B-4DA803DE64BC} = {83083113-76B1-47DD-BE8F-2AE30E88D489}
		{617FBA86-567D-4A18-B261-ED1321431374} = {83083113-76B1-47DD-BE8F-2AE30E88D489}
		{5E87F5EA-28F3-4EE2-A326-FAC6E6401A06} = {CA504547-56CB-4F77-8094-27BE59C92F22}
		{5B1C611C-696B-4119-8D26-3385861606AB} = {5E87F5EA-28F3-4EE2-A326-FAC6E6401A06}
		{BDE0F7C1-354E-4A78-83A9-5248F1C6BE1C} = {5E87F5EA-28F3-4EE2-A326-FAC6E6401A06}
		{E6FBF56C-DDC2-47CA-9EAD-AD7FC942C145} = {B321D860-2A92-4DDA-A888-C8CE4D92F83D}
		{D4EA8064-338A-41FE-B1A9-EA77DDC6113E} = {B321D860-2A92-4DDA-A888-C8CE4D92F83D}
	EndGlobalSection
	GlobalSection(ExtensibilityGlobals) = postSolution
		SolutionGuid = {C8FAC08C-DCFC-478A-853A-5F235CCB641D}
	EndGlobalSection
EndGlobal
