
Microsoft Visual Studio Solution File, Format Version 12.00
# Visual Studio Version 17
VisualStudioVersion = 17.2.32616.157
MinimumVisualStudioVersion = 10.0.40219.1
Project("{FAE04EC0-301F-11D3-BF4B-00C04F79EFBC}") = "WebApplication4", "WebApplication4.csproj", "{D7F789E6-3982-495E-BDC5-97245E155EBE}"
EndProject
Global
	GlobalSection(SolutionConfigurationPlatforms) = preSolution
		Debug|Any CPU = Debug|Any CPU
		Release|Any CPU = Release|Any CPU
	EndGlobalSection
	GlobalSection(ProjectConfigurationPlatforms) = postSolution
		{D7F789E6-3982-495E-BDC5-97245E155EBE}.Debug|Any CPU.ActiveCfg = Debug|Any CPU
		{D7F789E6-3982-495E-BDC5-97245E155EBE}.Debug|Any CPU.Build.0 = Debug|Any CPU
		{D7F789E6-3982-495E-BDC5-97245E155EBE}.Release|Any CPU.ActiveCfg = Release|Any CPU
		{D7F789E6-3982-495E-BDC5-97245E155EBE}.Release|Any CPU.Build.0 = Release|Any CPU
	EndGlobalSection
	GlobalSection(SolutionProperties) = preSolution
		HideSolutionNode = FALSE
	EndGlobalSection
	GlobalSection(ExtensibilityGlobals) = postSolution
		SolutionGuid = {E9FB7899-E3D7-4684-90B4-13348CA3361C}
	EndGlobalSection
EndGlobal
